
Microsoft Visual Studio Solution File, Format Version 12.00
# Visual Studio Version 17
VisualStudioVersion = 17.2.32616.157
MinimumVisualStudioVersion = 10.0.40219.1
Project("{FAE04EC0-301F-11D3-BF4B-00C04F79EFBC}") = "SchoolOfNothing", "SchoolOfNothing\SchoolOfNothing.csproj", "{3BD56C57-F64C-438E-A012-5A0C81AAC86A}"
EndProject
Global
	GlobalSection(SolutionConfigurationPlatforms) = preSolution
		Debug|Any CPU = Debug|Any CPU
		Release|Any CPU = Release|Any CPU
	EndGlobalSection
	GlobalSection(ProjectConfigurationPlatforms) = postSolution
		{3BD56C57-F64C-438E-A012-5A0C81AAC86A}.Debug|Any CPU.ActiveCfg = Debug|Any CPU
		{3BD56C57-F64C-438E-A012-5A0C81AAC86A}.Debug|Any CPU.Build.0 = Debug|Any CPU
		{3BD56C57-F64C-438E-A012-5A0C81AAC86A}.Release|Any CPU.ActiveCfg = Release|Any CPU
		{3BD56C57-F64C-438E-A012-5A0C81AAC86A}.Release|Any CPU.Build.0 = Release|Any CPU
	EndGlobalSection
	GlobalSection(SolutionProperties) = preSolution
		HideSolutionNode = FALSE
	EndGlobalSection
	GlobalSection(ExtensibilityGlobals) = postSolution
		SolutionGuid = {9BD261C6-9197-41AD-9729-D21A11C4185A}
	EndGlobalSection
EndGlobal
